
Microsoft Visual Studio Solution File, Format Version 12.00
# Visual Studio Version 16
VisualStudioVersion = 16.0.31624.102
MinimumVisualStudioVersion = 10.0.40219.1
Project("{FAE04EC0-301F-11D3-BF4B-00C04F79EFBC}") = "eCommanLib", "eCommanLib\eCommanLib.csproj", "{EEA38B8F-7362-485F-BB98-939913C6E90D}"
EndProject
Project("{FAE04EC0-301F-11D3-BF4B-00C04F79EFBC}") = "eOperationlib", "eOperationlib\eOperationlib.csproj", "{0B371D15-DA18-4740-96B1-812CB86A6202}"
EndProject
Project("{FAE04EC0-301F-11D3-BF4B-00C04F79EFBC}") = "schoolManagementSystemAPI", "schoolManagementSystemAPI\schoolManagementSystemAPI.csproj", "{6BD9B91D-CD46-4C05-A762-35213C78A0AA}"
EndProject
Global
	GlobalSection(SolutionConfigurationPlatforms) = preSolution
		Debug|Any CPU = Debug|Any CPU
		Release|Any CPU = Release|Any CPU
	EndGlobalSection
	GlobalSection(ProjectConfigurationPlatforms) = postSolution
		{EEA38B8F-7362-485F-BB98-939913C6E90D}.Debug|Any CPU.ActiveCfg = Debug|Any CPU
		{EEA38B8F-7362-485F-BB98-939913C6E90D}.Debug|Any CPU.Build.0 = Debug|Any CPU
		{EEA38B8F-7362-485F-BB98-939913C6E90D}.Release|Any CPU.ActiveCfg = Release|Any CPU
		{EEA38B8F-7362-485F-BB98-939913C6E90D}.Release|Any CPU.Build.0 = Release|Any CPU
		{0B371D15-DA18-4740-96B1-812CB86A6202}.Debug|Any CPU.ActiveCfg = Debug|Any CPU
		{0B371D15-DA18-4740-96B1-812CB86A6202}.Debug|Any CPU.Build.0 = Debug|Any CPU
		{0B371D15-DA18-4740-96B1-812CB86A6202}.Release|Any CPU.ActiveCfg = Release|Any CPU
		{0B371D15-DA18-4740-96B1-812CB86A6202}.Release|Any CPU.Build.0 = Release|Any CPU
		{6BD9B91D-CD46-4C05-A762-35213C78A0AA}.Debug|Any CPU.ActiveCfg = Debug|Any CPU
		{6BD9B91D-CD46-4C05-A762-35213C78A0AA}.Debug|Any CPU.Build.0 = Debug|Any CPU
		{6BD9B91D-CD46-4C05-A762-35213C78A0AA}.Release|Any CPU.ActiveCfg = Release|Any CPU
		{6BD9B91D-CD46-4C05-A762-35213C78A0AA}.Release|Any CPU.Build.0 = Release|Any CPU
	EndGlobalSection
	GlobalSection(SolutionProperties) = preSolution
		HideSolutionNode = FALSE
	EndGlobalSection
	GlobalSection(ExtensibilityGlobals) = postSolution
		SolutionGuid = {3AECCDDF-8896-48FA-B430-26A55A2B3F3C}
	EndGlobalSection
EndGlobal
